
Microsoft Visual Studio Solution File, Format Version 12.00
# Visual Studio 15
VisualStudioVersion = 15.0.28010.2003
MinimumVisualStudioVersion = 10.0.40219.1
Project("{FAE04EC0-301F-11D3-BF4B-00C04F79EFBC}") = "VideoRental", "VideoRental\VideoRental.csproj", "{27B11F24-9B34-4D2B-989F-705629716CBB}"
EndProject
Project("{FAE04EC0-301F-11D3-BF4B-00C04F79EFBC}") = "VideoRentalTest", "VideoRentalTest\VideoRentalTest.csproj", "{AB41166A-6E2E-4B76-AF2C-244B2C37F71C}"
EndProject
Global
	GlobalSection(SolutionConfigurationPlatforms) = preSolution
		Debug|Any CPU = Debug|Any CPU
		Release|Any CPU = Release|Any CPU
	EndGlobalSection
	GlobalSection(ProjectConfigurationPlatforms) = postSolution
		{27B11F24-9B34-4D2B-989F-705629716CBB}.Debug|Any CPU.ActiveCfg = Debug|Any CPU
		{27B11F24-9B34-4D2B-989F-705629716CBB}.Debug|Any CPU.Build.0 = Debug|Any CPU
		{27B11F24-9B34-4D2B-989F-705629716CBB}.Release|Any CPU.ActiveCfg = Release|Any CPU
		{27B11F24-9B34-4D2B-989F-705629716CBB}.Release|Any CPU.Build.0 = Release|Any CPU
		{AB41166A-6E2E-4B76-AF2C-244B2C37F71C}.Debug|Any CPU.ActiveCfg = Debug|Any CPU
		{AB41166A-6E2E-4B76-AF2C-244B2C37F71C}.Debug|Any CPU.Build.0 = Debug|Any CPU
		{AB41166A-6E2E-4B76-AF2C-244B2C37F71C}.Release|Any CPU.ActiveCfg = Release|Any CPU
		{AB41166A-6E2E-4B76-AF2C-244B2C37F71C}.Release|Any CPU.Build.0 = Release|Any CPU
	EndGlobalSection
	GlobalSection(SolutionProperties) = preSolution
		HideSolutionNode = FALSE
	EndGlobalSection
	GlobalSection(ExtensibilityGlobals) = postSolution
		SolutionGuid = {0694D330-42A9-47D9-8722-D5E69C15770D}
	EndGlobalSection
EndGlobal
